// !$*UTF8*$!
{
	archiveVersion = 1;
	classes = {
	};
	objectVersion = 51;
	objects = {

/* Begin PBXBuildFile section */
		164BEA3A22D427A100FE756A /* AppDelegate.swift in Sources */ = {isa = PBXBuildFile; fileRef = 164BEA3922D427A100FE756A /* AppDelegate.swift */; };
		164BEA3C22D427A100FE756A /* ToDoListViewController.swift in Sources */ = {isa = PBXBuildFile; fileRef = 164BEA3B22D427A100FE756A /* ToDoListViewController.swift */; };
		164BEA3F22D427A100FE756A /* Main.storyboard in Resources */ = {isa = PBXBuildFile; fileRef = 164BEA3D22D427A100FE756A /* Main.storyboard */; };
		164BEA4122D427A200FE756A /* Assets.xcassets in Resources */ = {isa = PBXBuildFile; fileRef = 164BEA4022D427A200FE756A /* Assets.xcassets */; };
		164BEA4422D427A200FE756A /* LaunchScreen.storyboard in Resources */ = {isa = PBXBuildFile; fileRef = 164BEA4222D427A200FE756A /* LaunchScreen.storyboard */; };
		16B08BF122D967D2003B51C6 /* CategoryViewController.swift in Sources */ = {isa = PBXBuildFile; fileRef = 16B08BF022D967D2003B51C6 /* CategoryViewController.swift */; };
		16DB977022DEA0FD00A9C86B /* SwipeTableViewController.swift in Sources */ = {isa = PBXBuildFile; fileRef = 16DB976F22DEA0FD00A9C86B /* SwipeTableViewController.swift */; };
		16E62FAE22DC37E100050541 /* Item.swift in Sources */ = {isa = PBXBuildFile; fileRef = 16E62FAD22DC37E100050541 /* Item.swift */; };
		16E62FB022DC37F100050541 /* Category.swift in Sources */ = {isa = PBXBuildFile; fileRef = 16E62FAF22DC37F100050541 /* Category.swift */; };
		240303E8B40E0B14F3AF9D92 /* Pods_Todoey.framework in Frameworks */ = {isa = PBXBuildFile; fileRef = 240C63F0D7CF47A8EC2E3E35 /* Pods_Todoey.framework */; };
/* End PBXBuildFile section */

/* Begin PBXFileReference section */
		164BEA3622D427A100FE756A /* Todoey.app */ = {isa = PBXFileReference; explicitFileType = wrapper.application; includeInIndex = 0; path = Todoey.app; sourceTree = BUILT_PRODUCTS_DIR; };
		164BEA3922D427A100FE756A /* AppDelegate.swift */ = {isa = PBXFileReference; lastKnownFileType = sourcecode.swift; path = AppDelegate.swift; sourceTree = "<group>"; };
		164BEA3B22D427A100FE756A /* ToDoListViewController.swift */ = {isa = PBXFileReference; lastKnownFileType = sourcecode.swift; path = ToDoListViewController.swift; sourceTree = "<group>"; };
		164BEA3E22D427A100FE756A /* Base */ = {isa = PBXFileReference; lastKnownFileType = file.storyboard; name = Base; path = Base.lproj/Main.storyboard; sourceTree = "<group>"; };
		164BEA4022D427A200FE756A /* Assets.xcassets */ = {isa = PBXFileReference; lastKnownFileType = folder.assetcatalog; path = Assets.xcassets; sourceTree = "<group>"; };
		164BEA4322D427A200FE756A /* Base */ = {isa = PBXFileReference; lastKnownFileType = file.storyboard; name = Base; path = Base.lproj/LaunchScreen.storyboard; sourceTree = "<group>"; };
		164BEA4522D427A200FE756A /* Info.plist */ = {isa = PBXFileReference; lastKnownFileType = text.plist.xml; path = Info.plist; sourceTree = "<group>"; };
		16B08BF022D967D2003B51C6 /* CategoryViewController.swift */ = {isa = PBXFileReference; lastKnownFileType = sourcecode.swift; path = CategoryViewController.swift; sourceTree = "<group>"; };
		16DB976F22DEA0FD00A9C86B /* SwipeTableViewController.swift */ = {isa = PBXFileReference; lastKnownFileType = sourcecode.swift; path = SwipeTableViewController.swift; sourceTree = "<group>"; };
		16E62FAD22DC37E100050541 /* Item.swift */ = {isa = PBXFileReference; lastKnownFileType = sourcecode.swift; path = Item.swift; sourceTree = "<group>"; };
		16E62FAF22DC37F100050541 /* Category.swift */ = {isa = PBXFileReference; lastKnownFileType = sourcecode.swift; path = Category.swift; sourceTree = "<group>"; };
		240C63F0D7CF47A8EC2E3E35 /* Pods_Todoey.framework */ = {isa = PBXFileReference; explicitFileType = wrapper.framework; includeInIndex = 0; path = Pods_Todoey.framework; sourceTree = BUILT_PRODUCTS_DIR; };
		379A8979AE1DCD92A62ECB60 /* Pods-Todoey.debug.xcconfig */ = {isa = PBXFileReference; includeInIndex = 1; lastKnownFileType = text.xcconfig; name = "Pods-Todoey.debug.xcconfig"; path = "Target Support Files/Pods-Todoey/Pods-Todoey.debug.xcconfig"; sourceTree = "<group>"; };
		E1B95E2179ACE1415FD304B7 /* Pods-Todoey.release.xcconfig */ = {isa = PBXFileReference; includeInIndex = 1; lastKnownFileType = text.xcconfig; name = "Pods-Todoey.release.xcconfig"; path = "Target Support Files/Pods-Todoey/Pods-Todoey.release.xcconfig"; sourceTree = "<group>"; };
/* End PBXFileReference section */

/* Begin PBXFrameworksBuildPhase section */
		164BEA3322D427A100FE756A /* Frameworks */ = {
			isa = PBXFrameworksBuildPhase;
			buildActionMask = 2147483647;
			files = (
				240303E8B40E0B14F3AF9D92 /* Pods_Todoey.framework in Frameworks */,
			);
			runOnlyForDeploymentPostprocessing = 0;
		};
/* End PBXFrameworksBuildPhase section */

/* Begin PBXGroup section */
		164BEA2D22D427A100FE756A = {
			isa = PBXGroup;
			children = (
				164BEA3822D427A100FE756A /* Todoey */,
				164BEA3722D427A100FE756A /* Products */,
				93B920A027FC7E61436C350E /* Pods */,
				1B996D5A28E7BA523B1706FB /* Frameworks */,
			);
			sourceTree = "<group>";
		};
		164BEA3722D427A100FE756A /* Products */ = {
			isa = PBXGroup;
			children = (
				164BEA3622D427A100FE756A /* Todoey.app */,
			);
			name = Products;
			sourceTree = "<group>";
		};
		164BEA3822D427A100FE756A /* Todoey */ = {
			isa = PBXGroup;
			children = (
				164BEA3922D427A100FE756A /* AppDelegate.swift */,
				1694B0FD22D5860500BCF3AF /* Data Model */,
				1694B0FE22D5862B00BCF3AF /* Controllers */,
				1694B0FF22D5863900BCF3AF /* Views */,
				1694B10022D5865B00BCF3AF /* Supporting Files */,
				164BEA4522D427A200FE756A /* Info.plist */,
			);
			path = Todoey;
			sourceTree = "<group>";
		};
		1694B0FD22D5860500BCF3AF /* Data Model */ = {
			isa = PBXGroup;
			children = (
				16E62FAF22DC37F100050541 /* Category.swift */,
				16E62FAD22DC37E100050541 /* Item.swift */,
			);
			path = "Data Model";
			sourceTree = "<group>";
		};
		1694B0FE22D5862B00BCF3AF /* Controllers */ = {
			isa = PBXGroup;
			children = (
				16B08BF022D967D2003B51C6 /* CategoryViewController.swift */,
				164BEA3B22D427A100FE756A /* ToDoListViewController.swift */,
				16DB976F22DEA0FD00A9C86B /* SwipeTableViewController.swift */,
			);
			path = Controllers;
			sourceTree = "<group>";
		};
		1694B0FF22D5863900BCF3AF /* Views */ = {
			isa = PBXGroup;
			children = (
				164BEA3D22D427A100FE756A /* Main.storyboard */,
			);
			path = Views;
			sourceTree = "<group>";
		};
		1694B10022D5865B00BCF3AF /* Supporting Files */ = {
			isa = PBXGroup;
			children = (
				164BEA4022D427A200FE756A /* Assets.xcassets */,
				164BEA4222D427A200FE756A /* LaunchScreen.storyboard */,
			);
			path = "Supporting Files";
			sourceTree = "<group>";
		};
		1B996D5A28E7BA523B1706FB /* Frameworks */ = {
			isa = PBXGroup;
			children = (
				240C63F0D7CF47A8EC2E3E35 /* Pods_Todoey.framework */,
			);
			name = Frameworks;
			sourceTree = "<group>";
		};
		93B920A027FC7E61436C350E /* Pods */ = {
			isa = PBXGroup;
			children = (
				379A8979AE1DCD92A62ECB60 /* Pods-Todoey.debug.xcconfig */,
				E1B95E2179ACE1415FD304B7 /* Pods-Todoey.release.xcconfig */,
			);
			path = Pods;
			sourceTree = "<group>";
		};
/* End PBXGroup section */

/* Begin PBXNativeTarget section */
		164BEA3522D427A100FE756A /* Todoey */ = {
			isa = PBXNativeTarget;
			buildConfigurationList = 164BEA4822D427A200FE756A /* Build configuration list for PBXNativeTarget "Todoey" */;
			buildPhases = (
				E6D915492EDB959E740A0F5E /* [CP] Check Pods Manifest.lock */,
				164BEA3222D427A100FE756A /* Sources */,
				164BEA3322D427A100FE756A /* Frameworks */,
				164BEA3422D427A100FE756A /* Resources */,
				CFF145028E2C2D966F7E1DFB /* [CP] Embed Pods Frameworks */,
			);
			buildRules = (
			);
			dependencies = (
			);
			name = Todoey;
			productName = Todoey;
			productReference = 164BEA3622D427A100FE756A /* Todoey.app */;
			productType = "com.apple.product-type.application";
		};
/* End PBXNativeTarget section */

/* Begin PBXProject section */
		164BEA2E22D427A100FE756A /* Project object */ = {
			isa = PBXProject;
			attributes = {
				LastSwiftUpdateCheck = 1020;
				LastUpgradeCheck = 1020;
				ORGANIZATIONNAME = "Ashley Raigosa";
				TargetAttributes = {
					164BEA3522D427A100FE756A = {
						CreatedOnToolsVersion = 10.2.1;
					};
				};
			};
			buildConfigurationList = 164BEA3122D427A100FE756A /* Build configuration list for PBXProject "Todoey" */;
			compatibilityVersion = "Xcode 9.3";
			developmentRegion = en;
			hasScannedForEncodings = 0;
			knownRegions = (
				en,
				Base,
			);
			mainGroup = 164BEA2D22D427A100FE756A;
			productRefGroup = 164BEA3722D427A100FE756A /* Products */;
			projectDirPath = "";
			projectRoot = "";
			targets = (
				164BEA3522D427A100FE756A /* Todoey */,
			);
		};
/* End PBXProject section */

/* Begin PBXResourcesBuildPhase section */
		164BEA3422D427A100FE756A /* Resources */ = {
			isa = PBXResourcesBuildPhase;
			buildActionMask = 2147483647;
			files = (
				164BEA4422D427A200FE756A /* LaunchScreen.storyboard in Resources */,
				164BEA4122D427A200FE756A /* Assets.xcassets in Resources */,
				164BEA3F22D427A100FE756A /* Main.storyboard in Resources */,
			);
			runOnlyForDeploymentPostprocessing = 0;
		};
/* End PBXResourcesBuildPhase section */

/* Begin PBXShellScriptBuildPhase section */
		CFF145028E2C2D966F7E1DFB /* [CP] Embed Pods Frameworks */ = {
			isa = PBXShellScriptBuildPhase;
			buildActionMask = 2147483647;
			files = (
			);
			inputFileListPaths = (
				"${PODS_ROOT}/Target Support Files/Pods-Todoey/Pods-Todoey-frameworks-${CONFIGURATION}-input-files.xcfilelist",
			);
			name = "[CP] Embed Pods Frameworks";
			outputFileListPaths = (
				"${PODS_ROOT}/Target Support Files/Pods-Todoey/Pods-Todoey-frameworks-${CONFIGURATION}-output-files.xcfilelist",
			);
			runOnlyForDeploymentPostprocessing = 0;
			shellPath = /bin/sh;
			shellScript = "\"${PODS_ROOT}/Target Support Files/Pods-Todoey/Pods-Todoey-frameworks.sh\"\n";
			showEnvVarsInLog = 0;
		};
		E6D915492EDB959E740A0F5E /* [CP] Check Pods Manifest.lock */ = {
			isa = PBXShellScriptBuildPhase;
			buildActionMask = 2147483647;
			files = (
			);
			inputFileListPaths = (
			);
			inputPaths = (
				"${PODS_PODFILE_DIR_PATH}/Podfile.lock",
				"${PODS_ROOT}/Manifest.lock",
			);
			name = "[CP] Check Pods Manifest.lock";
			outputFileListPaths = (
			);
			outputPaths = (
				"$(DERIVED_FILE_DIR)/Pods-Todoey-checkManifestLockResult.txt",
			);
			runOnlyForDeploymentPostprocessing = 0;
			shellPath = /bin/sh;
			shellScript = "diff \"${PODS_PODFILE_DIR_PATH}/Podfile.lock\" \"${PODS_ROOT}/Manifest.lock\" > /dev/null\nif [ $? != 0 ] ; then\n    # print error to STDERR\n    echo \"error: The sandbox is not in sync with the Podfile.lock. Run 'pod install' or update your CocoaPods installation.\" >&2\n    exit 1\nfi\n# This output is used by Xcode 'outputs' to avoid re-running this script phase.\necho \"SUCCESS\" > \"${SCRIPT_OUTPUT_FILE_0}\"\n";
			showEnvVarsInLog = 0;
		};
/* End PBXShellScriptBuildPhase section */

/* Begin PBXSourcesBuildPhase section */
		164BEA3222D427A100FE756A /* Sources */ = {
			isa = PBXSourcesBuildPhase;
			buildActionMask = 2147483647;
			files = (
				16E62FAE22DC37E100050541 /* Item.swift in Sources */,
				16B08BF122D967D2003B51C6 /* CategoryViewController.swift in Sources */,
				164BEA3C22D427A100FE756A /* ToDoListViewController.swift in Sources */,
				164BEA3A22D427A100FE756A /* AppDelegate.swift in Sources */,
				16DB977022DEA0FD00A9C86B /* SwipeTableViewController.swift in Sources */,
				16E62FB022DC37F100050541 /* Category.swift in Sources */,
			);
			runOnlyForDeploymentPostprocessing = 0;
		};
/* End PBXSourcesBuildPhase section */

/* Begin PBXVariantGroup section */
		164BEA3D22D427A100FE756A /* Main.storyboard */ = {
			isa = PBXVariantGroup;
			children = (
				164BEA3E22D427A100FE756A /* Base */,
			);
			name = Main.storyboard;
			sourceTree = "<group>";
		};
		164BEA4222D427A200FE756A /* LaunchScreen.storyboard */ = {
			isa = PBXVariantGroup;
			children = (
				164BEA4322D427A200FE756A /* Base */,
			);
			name = LaunchScreen.storyboard;
			sourceTree = "<group>";
		};
/* End PBXVariantGroup section */

/* Begin XCBuildConfiguration section */
		164BEA4622D427A200FE756A /* Debug */ = {
			isa = XCBuildConfiguration;
			buildSettings = {
				ALWAYS_SEARCH_USER_PATHS = NO;
				CLANG_ANALYZER_NONNULL = YES;
				CLANG_ANALYZER_NUMBER_OBJECT_CONVERSION = YES_AGGRESSIVE;
				CLANG_CXX_LANGUAGE_STANDARD = "gnu++14";
				CLANG_CXX_LIBRARY = "libc++";
				CLANG_ENABLE_MODULES = YES;
				CLANG_ENABLE_OBJC_ARC = YES;
				CLANG_ENABLE_OBJC_WEAK = YES;
				CLANG_WARN_BLOCK_CAPTURE_AUTORELEASING = YES;
				CLANG_WARN_BOOL_CONVERSION = YES;
				CLANG_WARN_COMMA = YES;
				CLANG_WARN_CONSTANT_CONVERSION = YES;
				CLANG_WARN_DEPRECATED_OBJC_IMPLEMENTATIONS = YES;
				CLANG_WARN_DIRECT_OBJC_ISA_USAGE = YES_ERROR;
				CLANG_WARN_DOCUMENTATION_COMMENTS = YES;
				CLANG_WARN_EMPTY_BODY = YES;
				CLANG_WARN_ENUM_CONVERSION = YES;
				CLANG_WARN_INFINITE_RECURSION = YES;
				CLANG_WARN_INT_CONVERSION = YES;
				CLANG_WARN_NON_LITERAL_NULL_CONVERSION = YES;
				CLANG_WARN_OBJC_IMPLICIT_RETAIN_SELF = YES;
				CLANG_WARN_OBJC_LITERAL_CONVERSION = YES;
				CLANG_WARN_OBJC_ROOT_CLASS = YES_ERROR;
				CLANG_WARN_RANGE_LOOP_ANALYSIS = YES;
				CLANG_WARN_STRICT_PROTOTYPES = YES;
				CLANG_WARN_SUSPICIOUS_MOVE = YES;
				CLANG_WARN_UNGUARDED_AVAILABILITY = YES_AGGRESSIVE;
				CLANG_WARN_UNREACHABLE_CODE = YES;
				CLANG_WARN__DUPLICATE_METHOD_MATCH = YES;
				CODE_SIGN_IDENTITY = "iPhone Developer";
				COPY_PHASE_STRIP = NO;
				DEBUG_INFORMATION_FORMAT = dwarf;
				ENABLE_STRICT_OBJC_MSGSEND = YES;
				ENABLE_TESTABILITY = YES;
				GCC_C_LANGUAGE_STANDARD = gnu11;
				GCC_DYNAMIC_NO_PIC = NO;
				GCC_NO_COMMON_BLOCKS = YES;
				GCC_OPTIMIZATION_LEVEL = 0;
				GCC_PREPROCESSOR_DEFINITIONS = (
					"DEBUG=1",
					"$(inherited)",
				);
				GCC_WARN_64_TO_32_BIT_CONVERSION = YES;
				GCC_WARN_ABOUT_RETURN_TYPE = YES_ERROR;
				GCC_WARN_UNDECLARED_SELECTOR = YES;
				GCC_WARN_UNINITIALIZED_AUTOS = YES_AGGRESSIVE;
				GCC_WARN_UNUSED_FUNCTION = YES;
				GCC_WARN_UNUSED_VARIABLE = YES;
				IPHONEOS_DEPLOYMENT_TARGET = 12.2;
				MTL_ENABLE_DEBUG_INFO = INCLUDE_SOURCE;
				MTL_FAST_MATH = YES;
				ONLY_ACTIVE_ARCH = YES;
				SDKROOT = iphoneos;
				SWIFT_ACTIVE_COMPILATION_CONDITIONS = DEBUG;
				SWIFT_OPTIMIZATION_LEVEL = "-Onone";
			};
			name = Debug;
		};
		164BEA4722D427A200FE756A /* Release */ = {
			isa = XCBuildConfiguration;
			buildSettings = {
				ALWAYS_SEARCH_USER_PATHS = NO;
				CLANG_ANALYZER_NONNULL = YES;
				CLANG_ANALYZER_NUMBER_OBJECT_CONVERSION = YES_AGGRESSIVE;
				CLANG_CXX_LANGUAGE_STANDARD = "gnu++14";
				CLANG_CXX_LIBRARY = "libc++";
				CLANG_ENABLE_MODULES = YES;
				CLANG_ENABLE_OBJC_ARC = YES;
				CLANG_ENABLE_OBJC_WEAK = YES;
				CLANG_WARN_BLOCK_CAPTURE_AUTORELEASING = YES;
				CLANG_WARN_BOOL_CONVERSION = YES;
				CLANG_WARN_COMMA = YES;
				CLANG_WARN_CONSTANT_CONVERSION = YES;
				CLANG_WARN_DEPRECATED_OBJC_IMPLEMENTATIONS = YES;
				CLANG_WARN_DIRECT_OBJC_ISA_USAGE = YES_ERROR;
				CLANG_WARN_DOCUMENTATION_COMMENTS = YES;
				CLANG_WARN_EMPTY_BODY = YES;
				CLANG_WARN_ENUM_CONVERSION = YES;
				CLANG_WARN_INFINITE_RECURSION = YES;
				CLANG_WARN_INT_CONVERSION = YES;
				CLANG_WARN_NON_LITERAL_NULL_CONVERSION = YES;
				CLANG_WARN_OBJC_IMPLICIT_RETAIN_SELF = YES;
				CLANG_WARN_OBJC_LITERAL_CONVERSION = YES;
				CLANG_WARN_OBJC_ROOT_CLASS = YES_ERROR;
				CLANG_WARN_RANGE_LOOP_ANALYSIS = YES;
				CLANG_WARN_STRICT_PROTOTYPES = YES;
				CLANG_WARN_SUSPICIOUS_MOVE = YES;
				CLANG_WARN_UNGUARDED_AVAILABILITY = YES_AGGRESSIVE;
				CLANG_WARN_UNREACHABLE_CODE = YES;
				CLANG_WARN__DUPLICATE_METHOD_MATCH = YES;
				CODE_SIGN_IDENTITY = "iPhone Developer";
				COPY_PHASE_STRIP = NO;
				DEBUG_INFORMATION_FORMAT = "dwarf-with-dsym";
				ENABLE_NS_ASSERTIONS = NO;
				ENABLE_STRICT_OBJC_MSGSEND = YES;
				GCC_C_LANGUAGE_STANDARD = gnu11;
				GCC_NO_COMMON_BLOCKS = YES;
				GCC_WARN_64_TO_32_BIT_CONVERSION = YES;
				GCC_WARN_ABOUT_RETURN_TYPE = YES_ERROR;
				GCC_WARN_UNDECLARED_SELECTOR = YES;
				GCC_WARN_UNINITIALIZED_AUTOS = YES_AGGRESSIVE;
				GCC_WARN_UNUSED_FUNCTION = YES;
				GCC_WARN_UNUSED_VARIABLE = YES;
				IPHONEOS_DEPLOYMENT_TARGET = 12.2;
				MTL_ENABLE_DEBUG_INFO = NO;
				MTL_FAST_MATH = YES;
				SDKROOT = iphoneos;
				SWIFT_COMPILATION_MODE = wholemodule;
				SWIFT_OPTIMIZATION_LEVEL = "-O";
				VALIDATE_PRODUCT = YES;
			};
			name = Release;
		};
		164BEA4922D427A200FE756A /* Debug */ = {
			isa = XCBuildConfiguration;
			baseConfigurationReference = 379A8979AE1DCD92A62ECB60 /* Pods-Todoey.debug.xcconfig */;
			buildSettings = {
				ASSETCATALOG_COMPILER_APPICON_NAME = AppIcon;
				CODE_SIGN_STYLE = Automatic;
				DEVELOPMENT_TEAM = 3ZVXV95L56;
				INFOPLIST_FILE = Todoey/Info.plist;
				LD_RUNPATH_SEARCH_PATHS = (
					"$(inherited)",
					"@executable_path/Frameworks",
				);
				PRODUCT_BUNDLE_IDENTIFIER = com.AshleyRaigosa.Todoey;
				PRODUCT_NAME = "$(TARGET_NAME)";
				SWIFT_VERSION = 5.0;
				TARGETED_DEVICE_FAMILY = "1,2";
			};
			name = Debug;
		};
		164BEA4A22D427A200FE756A /* Release */ = {
			isa = XCBuildConfiguration;
			baseConfigurationReference = E1B95E2179ACE1415FD304B7 /* Pods-Todoey.release.xcconfig */;
			buildSettings = {
				ASSETCATALOG_COMPILER_APPICON_NAME = AppIcon;
				CODE_SIGN_STYLE = Automatic;
				DEVELOPMENT_TEAM = 3ZVXV95L56;
				INFOPLIST_FILE = Todoey/Info.plist;
				LD_RUNPATH_SEARCH_PATHS = (
					"$(inherited)",
					"@executable_path/Frameworks",
				);
				PRODUCT_BUNDLE_IDENTIFIER = com.AshleyRaigosa.Todoey;
				PRODUCT_NAME = "$(TARGET_NAME)";
				SWIFT_VERSION = 5.0;
				TARGETED_DEVICE_FAMILY = "1,2";
			};
			name = Release;
		};
/* End XCBuildConfiguration section */

/* Begin XCConfigurationList section */
		164BEA3122D427A100FE756A /* Build configuration list for PBXProject "Todoey" */ = {
			isa = XCConfigurationList;
			buildConfigurations = (
				164BEA4622D427A200FE756A /* Debug */,
				164BEA4722D427A200FE756A /* Release */,
			);
			defaultConfigurationIsVisible = 0;
			defaultConfigurationName = Release;
		};
		164BEA4822D427A200FE756A /* Build configuration list for PBXNativeTarget "Todoey" */ = {
			isa = XCConfigurationList;
			buildConfigurations = (
				164BEA4922D427A200FE756A /* Debug */,
				164BEA4A22D427A200FE756A /* Release */,
			);
			defaultConfigurationIsVisible = 0;
			defaultConfigurationName = Release;
		};
/* End XCConfigurationList section */
	};
	rootObject = 164BEA2E22D427A100FE756A /* Project object */;
}
